
Microsoft Visual Studio Solution File, Format Version 12.00
# Visual Studio Version 17
VisualStudioVersion = 17.11.35327.3
MinimumVisualStudioVersion = 10.0.40219.1
Project("{2150E333-8FDC-42A3-9474-1A3956D46DE8}") = "src", "src", "{C5715D4B-FEFC-4DD5-8C0E-A7D24C5D31B5}"
EndProject
Project("{2150E333-8FDC-42A3-9474-1A3956D46DE8}") = "Web", "Web", "{7DA8B9EB-40F2-40D3-862A-41C8E92A25A0}"
EndProject
Project("{2150E333-8FDC-42A3-9474-1A3956D46DE8}") = "Modules", "Modules", "{69B91A55-90FA-4A5B-ADD2-39796BFB3911}"
EndProject
Project("{2150E333-8FDC-42A3-9474-1A3956D46DE8}") = "Core", "Core", "{667481D0-ECCF-4695-BEF7-6AA1C54CB0C7}"
EndProject
Project("{9A19103F-16F7-4668-BE54-9A1E7A4F7556}") = "WebBff", "src\Web\WebBff\WebBff.csproj", "{835F4BC9-88BA-49DB-9E42-A61F44CC303C}"
EndProject
Project("{9A19103F-16F7-4668-BE54-9A1E7A4F7556}") = "Core.Application", "src\Core\Core.Application\Core.Application.csproj", "{99DE079C-486E-42D6-A1A8-82EEB4DF576E}"
EndProject
Project("{9A19103F-16F7-4668-BE54-9A1E7A4F7556}") = "Core.Domain", "src\Core\Core.Domain\Core.Domain.csproj", "{4900AB0F-C80A-4C58-91AF-5932508E9737}"
EndProject
Project("{9A19103F-16F7-4668-BE54-9A1E7A4F7556}") = "Core.Endpoints", "src\Core\Core.Endpoints\Core.Endpoints.csproj", "{856FB3BC-333A-4171-A659-5EB6312819C2}"
EndProject
Project("{9A19103F-16F7-4668-BE54-9A1E7A4F7556}") = "Core.Infrastructure", "src\Core\Core.Infrastructure\Core.Infrastructure.csproj", "{2F98DD5F-3723-42D1-A49C-38AE620FDB9F}"
EndProject
Project("{9A19103F-16F7-4668-BE54-9A1E7A4F7556}") = "Core.Persistence", "src\Core\Core.Persistence\Core.Persistence.csproj", "{6914219B-E753-4286-9ED1-E778E25EAF58}"
EndProject
Project("{9A19103F-16F7-4668-BE54-9A1E7A4F7556}") = "Core.Shared", "src\Core\Core.Shared\Core.Shared.csproj", "{9D26E5AF-D6FF-4F39-B539-2F1BC942B45A}"
EndProject
Project("{2150E333-8FDC-42A3-9474-1A3956D46DE8}") = "tests", "tests", "{1F291DFE-597B-447A-AAA9-78E445272B7D}"
EndProject
Project("{2150E333-8FDC-42A3-9474-1A3956D46DE8}") = "Common", "Common", "{2D6D3D15-424C-428A-B9FC-5724C9C81E8B}"
EndProject
Project("{9A19103F-16F7-4668-BE54-9A1E7A4F7556}") = "Common", "src\Common\Common\Common.csproj", "{083FCE04-2E3E-481D-A35B-F18E5D31B2DA}"
EndProject
Project("{2150E333-8FDC-42A3-9474-1A3956D46DE8}") = "Student", "Student", "{ECE7AF03-5288-455A-89C7-C0208F42F52A}"
EndProject
Project("{9A19103F-16F7-4668-BE54-9A1E7A4F7556}") = "Student.Application", "src\Modules\Student\Student.Application\Student.Application.csproj", "{6A3595AB-B992-4C2D-9473-FA26ECECB8E2}"
EndProject
Project("{9A19103F-16F7-4668-BE54-9A1E7A4F7556}") = "Student.Domain", "src\Modules\Student\Student.Domain\Student.Domain.csproj", "{EB80C548-594B-4B49-82D6-0716CC119A02}"
EndProject
Project("{9A19103F-16F7-4668-BE54-9A1E7A4F7556}") = "Student.Infrastructure", "src\Modules\Student\Student.Infrastructure\Student.Infrastructure.csproj", "{2D4E60EC-F08A-4F1B-A466-803BDE798892}"
EndProject
Project("{9A19103F-16F7-4668-BE54-9A1E7A4F7556}") = "Student.Persistence", "src\Modules\Student\Student.Persistence\Student.Persistence.csproj", "{B5F812B6-F594-4ED7-A97D-5688FD81B479}"
EndProject
Project("{9A19103F-16F7-4668-BE54-9A1E7A4F7556}") = "Student.Shared", "src\Modules\Student\Student.Shared\Student.Shared.csproj", "{4875F2C7-4784-43A7-B865-9E7F4CA9655D}"
EndProject
Project("{2150E333-8FDC-42A3-9474-1A3956D46DE8}") = "Subject", "Subject", "{6421F33B-B544-4DB9-9E4E-40ADDDD2AF42}"
EndProject
Project("{9A19103F-16F7-4668-BE54-9A1E7A4F7556}") = "Subject.Application", "src\Modules\Subject\Subject.Application\Subject.Application.csproj", "{D029CC9C-F5D1-4157-AEF5-2CAFCF343A1F}"
EndProject
Project("{9A19103F-16F7-4668-BE54-9A1E7A4F7556}") = "Subject.Domain", "src\Modules\Subject\Subject.Domain\Subject.Domain.csproj", "{EAB3F804-846D-4611-8885-70DB270A9044}"
EndProject
Project("{9A19103F-16F7-4668-BE54-9A1E7A4F7556}") = "Subject.Infrastructure", "src\Modules\Subject\Subject.Infrastructure\Subject.Infrastructure.csproj", "{B20EE4A3-C8AD-482C-92D4-4360E528F38A}"
EndProject
Project("{FAE04EC0-301F-11D3-BF4B-00C04F79EFBC}") = "Subject.Persistence", "src\Modules\Subject\Subject.Persistence\Subject.Persistence.csproj", "{95AF0076-9790-4F6F-8A28-2891630C4C78}"
EndProject
Project("{FAE04EC0-301F-11D3-BF4B-00C04F79EFBC}") = "Subject.Shared", "src\Modules\Subject\Subject.Shared\Subject.Shared.csproj", "{0A31B7B1-83C5-462C-AD2F-8997D4F63139}"
EndProject
Global
	GlobalSection(SolutionConfigurationPlatforms) = preSolution
		Debug|Any CPU = Debug|Any CPU
		Release|Any CPU = Release|Any CPU
	EndGlobalSection
	GlobalSection(ProjectConfigurationPlatforms) = postSolution
		{835F4BC9-88BA-49DB-9E42-A61F44CC303C}.Debug|Any CPU.ActiveCfg = Debug|Any CPU
		{835F4BC9-88BA-49DB-9E42-A61F44CC303C}.Debug|Any CPU.Build.0 = Debug|Any CPU
		{835F4BC9-88BA-49DB-9E42-A61F44CC303C}.Release|Any CPU.ActiveCfg = Release|Any CPU
		{835F4BC9-88BA-49DB-9E42-A61F44CC303C}.Release|Any CPU.Build.0 = Release|Any CPU
		{99DE079C-486E-42D6-A1A8-82EEB4DF576E}.Debug|Any CPU.ActiveCfg = Debug|Any CPU
		{99DE079C-486E-42D6-A1A8-82EEB4DF576E}.Debug|Any CPU.Build.0 = Debug|Any CPU
		{99DE079C-486E-42D6-A1A8-82EEB4DF576E}.Release|Any CPU.ActiveCfg = Release|Any CPU
		{99DE079C-486E-42D6-A1A8-82EEB4DF576E}.Release|Any CPU.Build.0 = Release|Any CPU
		{4900AB0F-C80A-4C58-91AF-5932508E9737}.Debug|Any CPU.ActiveCfg = Debug|Any CPU
		{4900AB0F-C80A-4C58-91AF-5932508E9737}.Debug|Any CPU.Build.0 = Debug|Any CPU
		{4900AB0F-C80A-4C58-91AF-5932508E9737}.Release|Any CPU.ActiveCfg = Release|Any CPU
		{4900AB0F-C80A-4C58-91AF-5932508E9737}.Release|Any CPU.Build.0 = Release|Any CPU
		{856FB3BC-333A-4171-A659-5EB6312819C2}.Debug|Any CPU.ActiveCfg = Debug|Any CPU
		{856FB3BC-333A-4171-A659-5EB6312819C2}.Debug|Any CPU.Build.0 = Debug|Any CPU
		{856FB3BC-333A-4171-A659-5EB6312819C2}.Release|Any CPU.ActiveCfg = Release|Any CPU
		{856FB3BC-333A-4171-A659-5EB6312819C2}.Release|Any CPU.Build.0 = Release|Any CPU
		{2F98DD5F-3723-42D1-A49C-38AE620FDB9F}.Debug|Any CPU.ActiveCfg = Debug|Any CPU
		{2F98DD5F-3723-42D1-A49C-38AE620FDB9F}.Debug|Any CPU.Build.0 = Debug|Any CPU
		{2F98DD5F-3723-42D1-A49C-38AE620FDB9F}.Release|Any CPU.ActiveCfg = Release|Any CPU
		{2F98DD5F-3723-42D1-A49C-38AE620FDB9F}.Release|Any CPU.Build.0 = Release|Any CPU
		{6914219B-E753-4286-9ED1-E778E25EAF58}.Debug|Any CPU.ActiveCfg = Debug|Any CPU
		{6914219B-E753-4286-9ED1-E778E25EAF58}.Debug|Any CPU.Build.0 = Debug|Any CPU
		{6914219B-E753-4286-9ED1-E778E25EAF58}.Release|Any CPU.ActiveCfg = Release|Any CPU
		{6914219B-E753-4286-9ED1-E778E25EAF58}.Release|Any CPU.Build.0 = Release|Any CPU
		{9D26E5AF-D6FF-4F39-B539-2F1BC942B45A}.Debug|Any CPU.ActiveCfg = Debug|Any CPU
		{9D26E5AF-D6FF-4F39-B539-2F1BC942B45A}.Debug|Any CPU.Build.0 = Debug|Any CPU
		{9D26E5AF-D6FF-4F39-B539-2F1BC942B45A}.Release|Any CPU.ActiveCfg = Release|Any CPU
		{9D26E5AF-D6FF-4F39-B539-2F1BC942B45A}.Release|Any CPU.Build.0 = Release|Any CPU
		{083FCE04-2E3E-481D-A35B-F18E5D31B2DA}.Debug|Any CPU.ActiveCfg = Debug|Any CPU
		{083FCE04-2E3E-481D-A35B-F18E5D31B2DA}.Debug|Any CPU.Build.0 = Debug|Any CPU
		{083FCE04-2E3E-481D-A35B-F18E5D31B2DA}.Release|Any CPU.ActiveCfg = Release|Any CPU
		{083FCE04-2E3E-481D-A35B-F18E5D31B2DA}.Release|Any CPU.Build.0 = Release|Any CPU
		{6A3595AB-B992-4C2D-9473-FA26ECECB8E2}.Debug|Any CPU.ActiveCfg = Debug|Any CPU
		{6A3595AB-B992-4C2D-9473-FA26ECECB8E2}.Debug|Any CPU.Build.0 = Debug|Any CPU
		{6A3595AB-B992-4C2D-9473-FA26ECECB8E2}.Release|Any CPU.ActiveCfg = Release|Any CPU
		{6A3595AB-B992-4C2D-9473-FA26ECECB8E2}.Release|Any CPU.Build.0 = Release|Any CPU
		{EB80C548-594B-4B49-82D6-0716CC119A02}.Debug|Any CPU.ActiveCfg = Debug|Any CPU
		{EB80C548-594B-4B49-82D6-0716CC119A02}.Debug|Any CPU.Build.0 = Debug|Any CPU
		{EB80C548-594B-4B49-82D6-0716CC119A02}.Release|Any CPU.ActiveCfg = Release|Any CPU
		{EB80C548-594B-4B49-82D6-0716CC119A02}.Release|Any CPU.Build.0 = Release|Any CPU
		{2D4E60EC-F08A-4F1B-A466-803BDE798892}.Debug|Any CPU.ActiveCfg = Debug|Any CPU
		{2D4E60EC-F08A-4F1B-A466-803BDE798892}.Debug|Any CPU.Build.0 = Debug|Any CPU
		{2D4E60EC-F08A-4F1B-A466-803BDE798892}.Release|Any CPU.ActiveCfg = Release|Any CPU
		{2D4E60EC-F08A-4F1B-A466-803BDE798892}.Release|Any CPU.Build.0 = Release|Any CPU
		{B5F812B6-F594-4ED7-A97D-5688FD81B479}.Debug|Any CPU.ActiveCfg = Debug|Any CPU
		{B5F812B6-F594-4ED7-A97D-5688FD81B479}.Debug|Any CPU.Build.0 = Debug|Any CPU
		{B5F812B6-F594-4ED7-A97D-5688FD81B479}.Release|Any CPU.ActiveCfg = Release|Any CPU
		{B5F812B6-F594-4ED7-A97D-5688FD81B479}.Release|Any CPU.Build.0 = Release|Any CPU
		{4875F2C7-4784-43A7-B865-9E7F4CA9655D}.Debug|Any CPU.ActiveCfg = Debug|Any CPU
		{4875F2C7-4784-43A7-B865-9E7F4CA9655D}.Debug|Any CPU.Build.0 = Debug|Any CPU
		{4875F2C7-4784-43A7-B865-9E7F4CA9655D}.Release|Any CPU.ActiveCfg = Release|Any CPU
		{4875F2C7-4784-43A7-B865-9E7F4CA9655D}.Release|Any CPU.Build.0 = Release|Any CPU
		{D029CC9C-F5D1-4157-AEF5-2CAFCF343A1F}.Debug|Any CPU.ActiveCfg = Debug|Any CPU
		{D029CC9C-F5D1-4157-AEF5-2CAFCF343A1F}.Debug|Any CPU.Build.0 = Debug|Any CPU
		{D029CC9C-F5D1-4157-AEF5-2CAFCF343A1F}.Release|Any CPU.ActiveCfg = Release|Any CPU
		{D029CC9C-F5D1-4157-AEF5-2CAFCF343A1F}.Release|Any CPU.Build.0 = Release|Any CPU
		{EAB3F804-846D-4611-8885-70DB270A9044}.Debug|Any CPU.ActiveCfg = Debug|Any CPU
		{EAB3F804-846D-4611-8885-70DB270A9044}.Debug|Any CPU.Build.0 = Debug|Any CPU
		{EAB3F804-846D-4611-8885-70DB270A9044}.Release|Any CPU.ActiveCfg = Release|Any CPU
		{EAB3F804-846D-4611-8885-70DB270A9044}.Release|Any CPU.Build.0 = Release|Any CPU
		{B20EE4A3-C8AD-482C-92D4-4360E528F38A}.Debug|Any CPU.ActiveCfg = Debug|Any CPU
		{B20EE4A3-C8AD-482C-92D4-4360E528F38A}.Debug|Any CPU.Build.0 = Debug|Any CPU
		{B20EE4A3-C8AD-482C-92D4-4360E528F38A}.Release|Any CPU.ActiveCfg = Release|Any CPU
		{B20EE4A3-C8AD-482C-92D4-4360E528F38A}.Release|Any CPU.Build.0 = Release|Any CPU
		{95AF0076-9790-4F6F-8A28-2891630C4C78}.Debug|Any CPU.ActiveCfg = Debug|Any CPU
		{95AF0076-9790-4F6F-8A28-2891630C4C78}.Debug|Any CPU.Build.0 = Debug|Any CPU
		{95AF0076-9790-4F6F-8A28-2891630C4C78}.Release|Any CPU.ActiveCfg = Release|Any CPU
		{95AF0076-9790-4F6F-8A28-2891630C4C78}.Release|Any CPU.Build.0 = Release|Any CPU
		{0A31B7B1-83C5-462C-AD2F-8997D4F63139}.Debug|Any CPU.ActiveCfg = Debug|Any CPU
		{0A31B7B1-83C5-462C-AD2F-8997D4F63139}.Debug|Any CPU.Build.0 = Debug|Any CPU
		{0A31B7B1-83C5-462C-AD2F-8997D4F63139}.Release|Any CPU.ActiveCfg = Release|Any CPU
		{0A31B7B1-83C5-462C-AD2F-8997D4F63139}.Release|Any CPU.Build.0 = Release|Any CPU
	EndGlobalSection
	GlobalSection(SolutionProperties) = preSolution
		HideSolutionNode = FALSE
	EndGlobalSection
	GlobalSection(NestedProjects) = preSolution
		{7DA8B9EB-40F2-40D3-862A-41C8E92A25A0} = {C5715D4B-FEFC-4DD5-8C0E-A7D24C5D31B5}
		{69B91A55-90FA-4A5B-ADD2-39796BFB3911} = {C5715D4B-FEFC-4DD5-8C0E-A7D24C5D31B5}
		{667481D0-ECCF-4695-BEF7-6AA1C54CB0C7} = {C5715D4B-FEFC-4DD5-8C0E-A7D24C5D31B5}
		{835F4BC9-88BA-49DB-9E42-A61F44CC303C} = {7DA8B9EB-40F2-40D3-862A-41C8E92A25A0}
		{99DE079C-486E-42D6-A1A8-82EEB4DF576E} = {667481D0-ECCF-4695-BEF7-6AA1C54CB0C7}
		{4900AB0F-C80A-4C58-91AF-5932508E9737} = {667481D0-ECCF-4695-BEF7-6AA1C54CB0C7}
		{856FB3BC-333A-4171-A659-5EB6312819C2} = {667481D0-ECCF-4695-BEF7-6AA1C54CB0C7}
		{2F98DD5F-3723-42D1-A49C-38AE620FDB9F} = {667481D0-ECCF-4695-BEF7-6AA1C54CB0C7}
		{6914219B-E753-4286-9ED1-E778E25EAF58} = {667481D0-ECCF-4695-BEF7-6AA1C54CB0C7}
		{9D26E5AF-D6FF-4F39-B539-2F1BC942B45A} = {667481D0-ECCF-4695-BEF7-6AA1C54CB0C7}
		{2D6D3D15-424C-428A-B9FC-5724C9C81E8B} = {C5715D4B-FEFC-4DD5-8C0E-A7D24C5D31B5}
		{083FCE04-2E3E-481D-A35B-F18E5D31B2DA} = {2D6D3D15-424C-428A-B9FC-5724C9C81E8B}
		{ECE7AF03-5288-455A-89C7-C0208F42F52A} = {69B91A55-90FA-4A5B-ADD2-39796BFB3911}
		{6A3595AB-B992-4C2D-9473-FA26ECECB8E2} = {ECE7AF03-5288-455A-89C7-C0208F42F52A}
		{EB80C548-594B-4B49-82D6-0716CC119A02} = {ECE7AF03-5288-455A-89C7-C0208F42F52A}
		{2D4E60EC-F08A-4F1B-A466-803BDE798892} = {ECE7AF03-5288-455A-89C7-C0208F42F52A}
		{B5F812B6-F594-4ED7-A97D-5688FD81B479} = {ECE7AF03-5288-455A-89C7-C0208F42F52A}
		{4875F2C7-4784-43A7-B865-9E7F4CA9655D} = {ECE7AF03-5288-455A-89C7-C0208F42F52A}
		{6421F33B-B544-4DB9-9E4E-40ADDDD2AF42} = {69B91A55-90FA-4A5B-ADD2-39796BFB3911}
		{D029CC9C-F5D1-4157-AEF5-2CAFCF343A1F} = {6421F33B-B544-4DB9-9E4E-40ADDDD2AF42}
		{EAB3F804-846D-4611-8885-70DB270A9044} = {6421F33B-B544-4DB9-9E4E-40ADDDD2AF42}
		{B20EE4A3-C8AD-482C-92D4-4360E528F38A} = {6421F33B-B544-4DB9-9E4E-40ADDDD2AF42}
		{95AF0076-9790-4F6F-8A28-2891630C4C78} = {6421F33B-B544-4DB9-9E4E-40ADDDD2AF42}
		{0A31B7B1-83C5-462C-AD2F-8997D4F63139} = {6421F33B-B544-4DB9-9E4E-40ADDDD2AF42}
	EndGlobalSection
	GlobalSection(ExtensibilityGlobals) = postSolution
		SolutionGuid = {5BA7A72A-B666-4B37-A7AB-A078EF05FAA3}
	EndGlobalSection
EndGlobal
